
Microsoft Visual Studio Solution File, Format Version 12.00
# Visual Studio Version 17
VisualStudioVersion = 17.7.34202.233
MinimumVisualStudioVersion = 10.0.40219.1
Project("{FAE04EC0-301F-11D3-BF4B-00C04F79EFBC}") = "BhumiShakti", "BhumiShakti\BhumiShakti.csproj", "{84130305-6C6D-495C-830E-6F106AEC01ED}"
EndProject
Global
	GlobalSection(SolutionConfigurationPlatforms) = preSolution
		Debug|Any CPU = Debug|Any CPU
		Release|Any CPU = Release|Any CPU
	EndGlobalSection
	GlobalSection(ProjectConfigurationPlatforms) = postSolution
		{84130305-6C6D-495C-830E-6F106AEC01ED}.Debug|Any CPU.ActiveCfg = Debug|Any CPU
		{84130305-6C6D-495C-830E-6F106AEC01ED}.Debug|Any CPU.Build.0 = Debug|Any CPU
		{84130305-6C6D-495C-830E-6F106AEC01ED}.Release|Any CPU.ActiveCfg = Release|Any CPU
		{84130305-6C6D-495C-830E-6F106AEC01ED}.Release|Any CPU.Build.0 = Release|Any CPU
	EndGlobalSection
	GlobalSection(SolutionProperties) = preSolution
		HideSolutionNode = FALSE
	EndGlobalSection
	GlobalSection(ExtensibilityGlobals) = postSolution
		SolutionGuid = {4D71F74E-8539-4EFE-93C7-6287F32C92C6}
	EndGlobalSection
EndGlobal
